// !$*UTF8*$!
{
	archiveVersion = 1;
	classes = {
	};
	objectVersion = 55;
	objects = {

/* Begin PBXBuildFile section */
		EB442B9428B37B83001B34C8 /* CarParksClusterAnnotationView.swift in Sources */ = {isa = PBXBuildFile; fileRef = EB442B9328B37B83001B34C8 /* CarParksClusterAnnotationView.swift */; };
		EB442B9628B3815F001B34C8 /* CarParkMapAnnotationMaker.swift in Sources */ = {isa = PBXBuildFile; fileRef = EB442B9528B3815F001B34C8 /* CarParkMapAnnotationMaker.swift */; };
		EB5592AB28AD75DA00FEF6B9 /* AppDelegate.swift in Sources */ = {isa = PBXBuildFile; fileRef = EB5592AA28AD75DA00FEF6B9 /* AppDelegate.swift */; };
		EB5592AD28AD75DA00FEF6B9 /* SceneDelegate.swift in Sources */ = {isa = PBXBuildFile; fileRef = EB5592AC28AD75DA00FEF6B9 /* SceneDelegate.swift */; };
		EB5592B228AD75DA00FEF6B9 /* Main.storyboard in Resources */ = {isa = PBXBuildFile; fileRef = EB5592B028AD75DA00FEF6B9 /* Main.storyboard */; };
		EB5592B528AD75DA00FEF6B9 /* ParkInBordeaux.xcdatamodeld in Sources */ = {isa = PBXBuildFile; fileRef = EB5592B328AD75DA00FEF6B9 /* ParkInBordeaux.xcdatamodeld */; };
		EB5592B728AD75DA00FEF6B9 /* Assets.xcassets in Resources */ = {isa = PBXBuildFile; fileRef = EB5592B628AD75DA00FEF6B9 /* Assets.xcassets */; };
		EB5592BA28AD75DA00FEF6B9 /* LaunchScreen.storyboard in Resources */ = {isa = PBXBuildFile; fileRef = EB5592B828AD75DA00FEF6B9 /* LaunchScreen.storyboard */; };
		EB5592C728AD76B500FEF6B9 /* .gitignore in Resources */ = {isa = PBXBuildFile; fileRef = EB5592C628AD76B500FEF6B9 /* .gitignore */; };
		EB5592C928AD770900FEF6B9 /* CarParksCoreService.swift in Sources */ = {isa = PBXBuildFile; fileRef = EB5592C828AD770900FEF6B9 /* CarParksCoreService.swift */; };
		EB5592DA28AD781400FEF6B9 /* CarParksCoreServiceTest.swift in Sources */ = {isa = PBXBuildFile; fileRef = EB5592D928AD781400FEF6B9 /* CarParksCoreServiceTest.swift */; };
		EB5592DC28AD791700FEF6B9 /* ApiEndpoint.swift in Sources */ = {isa = PBXBuildFile; fileRef = EB5592DB28AD791700FEF6B9 /* ApiEndpoint.swift */; };
		EB5592E028AD79CF00FEF6B9 /* ApiInfo.swift in Sources */ = {isa = PBXBuildFile; fileRef = EB5592DF28AD79CF00FEF6B9 /* ApiInfo.swift */; };
		EB617A7428AE3DF400B9102D /* CarParksServiceError.swift in Sources */ = {isa = PBXBuildFile; fileRef = EB617A7328AE3DF400B9102D /* CarParksServiceError.swift */; };
		EB617A7728AE572400B9102D /* GeojsonProperties.swift in Sources */ = {isa = PBXBuildFile; fileRef = EB617A7628AE572400B9102D /* GeojsonProperties.swift */; };
		EB617A7928AE584700B9102D /* CarParkMapAnnotation.swift in Sources */ = {isa = PBXBuildFile; fileRef = EB617A7828AE584700B9102D /* CarParkMapAnnotation.swift */; };
		EB617A7B28AE6E9F00B9102D /* CarParksMapViewController.swift in Sources */ = {isa = PBXBuildFile; fileRef = EB617A7A28AE6E9F00B9102D /* CarParksMapViewController.swift */; };
		EB84218C28AF64B500BDEC1F /* ExtUIViewController.swift in Sources */ = {isa = PBXBuildFile; fileRef = EB84218B28AF64B500BDEC1F /* ExtUIViewController.swift */; };
		EB84218F28AF767B00BDEC1F /* URLProtocolFake.swift in Sources */ = {isa = PBXBuildFile; fileRef = EB84218E28AF767B00BDEC1F /* URLProtocolFake.swift */; };
		EB84219128AF76A500BDEC1F /* FakeResponseData.swift in Sources */ = {isa = PBXBuildFile; fileRef = EB84219028AF76A500BDEC1F /* FakeResponseData.swift */; };
		EB84219528AF777800BDEC1F /* correctGeojsonSample.geojson in Resources */ = {isa = PBXBuildFile; fileRef = EB84219428AF777800BDEC1F /* correctGeojsonSample.geojson */; };
		EB84219728AF7DE400BDEC1F /* incorrectGeojsonSample.geojson in Resources */ = {isa = PBXBuildFile; fileRef = EB84219628AF7DE400BDEC1F /* incorrectGeojsonSample.geojson */; };
		EB84219B28AF8E1400BDEC1F /* NoFeatureGeojsonSample.geojson in Resources */ = {isa = PBXBuildFile; fileRef = EB84219A28AF8E1400BDEC1F /* NoFeatureGeojsonSample.geojson */; };
		EB84219D28AFB10F00BDEC1F /* ExtString.swift in Sources */ = {isa = PBXBuildFile; fileRef = EB84219C28AFB10F00BDEC1F /* ExtString.swift */; };
		EB8421A528AFD8C800BDEC1F /* OneCarParkStruct.swift in Sources */ = {isa = PBXBuildFile; fileRef = EB8421A428AFD8C800BDEC1F /* OneCarParkStruct.swift */; };
/* End PBXBuildFile section */

/* Begin PBXContainerItemProxy section */
		EB5592D228AD77F000FEF6B9 /* PBXContainerItemProxy */ = {
			isa = PBXContainerItemProxy;
			containerPortal = EB55929F28AD75DA00FEF6B9 /* Project object */;
			proxyType = 1;
			remoteGlobalIDString = EB5592A628AD75DA00FEF6B9;
			remoteInfo = ParkInBordeaux;
		};
/* End PBXContainerItemProxy section */

/* Begin PBXFileReference section */
		EB442B9328B37B83001B34C8 /* CarParksClusterAnnotationView.swift */ = {isa = PBXFileReference; lastKnownFileType = sourcecode.swift; path = CarParksClusterAnnotationView.swift; sourceTree = "<group>"; };
		EB442B9528B3815F001B34C8 /* CarParkMapAnnotationMaker.swift */ = {isa = PBXFileReference; lastKnownFileType = sourcecode.swift; path = CarParkMapAnnotationMaker.swift; sourceTree = "<group>"; };
		EB5592A728AD75DA00FEF6B9 /* ParkInBordeaux.app */ = {isa = PBXFileReference; explicitFileType = wrapper.application; includeInIndex = 0; path = ParkInBordeaux.app; sourceTree = BUILT_PRODUCTS_DIR; };
		EB5592AA28AD75DA00FEF6B9 /* AppDelegate.swift */ = {isa = PBXFileReference; lastKnownFileType = sourcecode.swift; path = AppDelegate.swift; sourceTree = "<group>"; };
		EB5592AC28AD75DA00FEF6B9 /* SceneDelegate.swift */ = {isa = PBXFileReference; lastKnownFileType = sourcecode.swift; path = SceneDelegate.swift; sourceTree = "<group>"; };
		EB5592B128AD75DA00FEF6B9 /* Base */ = {isa = PBXFileReference; lastKnownFileType = file.storyboard; name = Base; path = Base.lproj/Main.storyboard; sourceTree = "<group>"; };
		EB5592B428AD75DA00FEF6B9 /* ParkInBordeaux.xcdatamodel */ = {isa = PBXFileReference; lastKnownFileType = wrapper.xcdatamodel; path = ParkInBordeaux.xcdatamodel; sourceTree = "<group>"; };
		EB5592B628AD75DA00FEF6B9 /* Assets.xcassets */ = {isa = PBXFileReference; lastKnownFileType = folder.assetcatalog; path = Assets.xcassets; sourceTree = "<group>"; };
		EB5592B928AD75DA00FEF6B9 /* Base */ = {isa = PBXFileReference; lastKnownFileType = file.storyboard; name = Base; path = Base.lproj/LaunchScreen.storyboard; sourceTree = "<group>"; };
		EB5592BB28AD75DA00FEF6B9 /* Info.plist */ = {isa = PBXFileReference; lastKnownFileType = text.plist.xml; path = Info.plist; sourceTree = "<group>"; };
		EB5592C628AD76B500FEF6B9 /* .gitignore */ = {isa = PBXFileReference; lastKnownFileType = text; path = .gitignore; sourceTree = "<group>"; };
		EB5592C828AD770900FEF6B9 /* CarParksCoreService.swift */ = {isa = PBXFileReference; lastKnownFileType = sourcecode.swift; path = CarParksCoreService.swift; sourceTree = "<group>"; };
		EB5592CE28AD77F000FEF6B9 /* ParkInBordeauxTests.xctest */ = {isa = PBXFileReference; explicitFileType = wrapper.cfbundle; includeInIndex = 0; path = ParkInBordeauxTests.xctest; sourceTree = BUILT_PRODUCTS_DIR; };
		EB5592D928AD781400FEF6B9 /* CarParksCoreServiceTest.swift */ = {isa = PBXFileReference; lastKnownFileType = sourcecode.swift; path = CarParksCoreServiceTest.swift; sourceTree = "<group>"; };
		EB5592DB28AD791700FEF6B9 /* ApiEndpoint.swift */ = {isa = PBXFileReference; lastKnownFileType = sourcecode.swift; path = ApiEndpoint.swift; sourceTree = "<group>"; };
		EB5592DF28AD79CF00FEF6B9 /* ApiInfo.swift */ = {isa = PBXFileReference; lastKnownFileType = sourcecode.swift; path = ApiInfo.swift; sourceTree = "<group>"; };
		EB617A7328AE3DF400B9102D /* CarParksServiceError.swift */ = {isa = PBXFileReference; lastKnownFileType = sourcecode.swift; path = CarParksServiceError.swift; sourceTree = "<group>"; };
		EB617A7628AE572400B9102D /* GeojsonProperties.swift */ = {isa = PBXFileReference; lastKnownFileType = sourcecode.swift; path = GeojsonProperties.swift; sourceTree = "<group>"; };
		EB617A7828AE584700B9102D /* CarParkMapAnnotation.swift */ = {isa = PBXFileReference; lastKnownFileType = sourcecode.swift; path = CarParkMapAnnotation.swift; sourceTree = "<group>"; };
		EB617A7A28AE6E9F00B9102D /* CarParksMapViewController.swift */ = {isa = PBXFileReference; lastKnownFileType = sourcecode.swift; path = CarParksMapViewController.swift; sourceTree = "<group>"; };
		EB84218B28AF64B500BDEC1F /* ExtUIViewController.swift */ = {isa = PBXFileReference; lastKnownFileType = sourcecode.swift; path = ExtUIViewController.swift; sourceTree = "<group>"; };
		EB84218E28AF767B00BDEC1F /* URLProtocolFake.swift */ = {isa = PBXFileReference; lastKnownFileType = sourcecode.swift; path = URLProtocolFake.swift; sourceTree = "<group>"; };
		EB84219028AF76A500BDEC1F /* FakeResponseData.swift */ = {isa = PBXFileReference; lastKnownFileType = sourcecode.swift; path = FakeResponseData.swift; sourceTree = "<group>"; };
		EB84219428AF777800BDEC1F /* correctGeojsonSample.geojson */ = {isa = PBXFileReference; lastKnownFileType = text; path = correctGeojsonSample.geojson; sourceTree = "<group>"; };
		EB84219628AF7DE400BDEC1F /* incorrectGeojsonSample.geojson */ = {isa = PBXFileReference; lastKnownFileType = text; path = incorrectGeojsonSample.geojson; sourceTree = "<group>"; };
		EB84219A28AF8E1400BDEC1F /* NoFeatureGeojsonSample.geojson */ = {isa = PBXFileReference; lastKnownFileType = text; path = NoFeatureGeojsonSample.geojson; sourceTree = "<group>"; };
		EB84219C28AFB10F00BDEC1F /* ExtString.swift */ = {isa = PBXFileReference; lastKnownFileType = sourcecode.swift; path = ExtString.swift; sourceTree = "<group>"; };
		EB8421A428AFD8C800BDEC1F /* OneCarParkStruct.swift */ = {isa = PBXFileReference; lastKnownFileType = sourcecode.swift; path = OneCarParkStruct.swift; sourceTree = "<group>"; };
/* End PBXFileReference section */

/* Begin PBXFrameworksBuildPhase section */
		EB5592A428AD75DA00FEF6B9 /* Frameworks */ = {
			isa = PBXFrameworksBuildPhase;
			buildActionMask = 2147483647;
			files = (
			);
			runOnlyForDeploymentPostprocessing = 0;
		};
		EB5592CB28AD77F000FEF6B9 /* Frameworks */ = {
			isa = PBXFrameworksBuildPhase;
			buildActionMask = 2147483647;
			files = (
			);
			runOnlyForDeploymentPostprocessing = 0;
		};
/* End PBXFrameworksBuildPhase section */

/* Begin PBXGroup section */
		EB55929E28AD75DA00FEF6B9 = {
			isa = PBXGroup;
			children = (
				EB5592C628AD76B500FEF6B9 /* .gitignore */,
				EB5592A928AD75DA00FEF6B9 /* ParkInBordeaux */,
				EB5592CF28AD77F000FEF6B9 /* ParkInBordeauxTests */,
				EB5592A828AD75DA00FEF6B9 /* Products */,
			);
			sourceTree = "<group>";
		};
		EB5592A828AD75DA00FEF6B9 /* Products */ = {
			isa = PBXGroup;
			children = (
				EB5592A728AD75DA00FEF6B9 /* ParkInBordeaux.app */,
				EB5592CE28AD77F000FEF6B9 /* ParkInBordeauxTests.xctest */,
			);
			name = Products;
			sourceTree = "<group>";
		};
		EB5592A928AD75DA00FEF6B9 /* ParkInBordeaux */ = {
			isa = PBXGroup;
			children = (
				EB84218A28AF648200BDEC1F /* Extensions */,
				EB5592C428AD75FF00FEF6B9 /* SupportingFiles */,
				EB5592C328AD75F700FEF6B9 /* Controller */,
				EB5592C228AD75F200FEF6B9 /* View */,
				EB5592C128AD75EC00FEF6B9 /* Model */,
			);
			path = ParkInBordeaux;
			sourceTree = "<group>";
		};
		EB5592C128AD75EC00FEF6B9 /* Model */ = {
			isa = PBXGroup;
			children = (
				EB5592C528AD761A00FEF6B9 /* DataRepresentation */,
				EB5592DF28AD79CF00FEF6B9 /* ApiInfo.swift */,
				EB5592DB28AD791700FEF6B9 /* ApiEndpoint.swift */,
				EB617A7328AE3DF400B9102D /* CarParksServiceError.swift */,
				EB5592C828AD770900FEF6B9 /* CarParksCoreService.swift */,
			);
			path = Model;
			sourceTree = "<group>";
		};
		EB5592C228AD75F200FEF6B9 /* View */ = {
			isa = PBXGroup;
			children = (
				EB5592B028AD75DA00FEF6B9 /* Main.storyboard */,
				EB5592B828AD75DA00FEF6B9 /* LaunchScreen.storyboard */,
			);
			path = View;
			sourceTree = "<group>";
		};
		EB5592C328AD75F700FEF6B9 /* Controller */ = {
			isa = PBXGroup;
			children = (
				EB617A7A28AE6E9F00B9102D /* CarParksMapViewController.swift */,
				EB617A7828AE584700B9102D /* CarParkMapAnnotation.swift */,
				EB442B9528B3815F001B34C8 /* CarParkMapAnnotationMaker.swift */,
				EB442B9328B37B83001B34C8 /* CarParksClusterAnnotationView.swift */,
			);
			path = Controller;
			sourceTree = "<group>";
		};
		EB5592C428AD75FF00FEF6B9 /* SupportingFiles */ = {
			isa = PBXGroup;
			children = (
				EB5592AA28AD75DA00FEF6B9 /* AppDelegate.swift */,
				EB5592AC28AD75DA00FEF6B9 /* SceneDelegate.swift */,
				EB5592B628AD75DA00FEF6B9 /* Assets.xcassets */,
				EB5592BB28AD75DA00FEF6B9 /* Info.plist */,
			);
			path = SupportingFiles;
			sourceTree = "<group>";
		};
		EB5592C528AD761A00FEF6B9 /* DataRepresentation */ = {
			isa = PBXGroup;
			children = (
				EB5592B328AD75DA00FEF6B9 /* ParkInBordeaux.xcdatamodeld */,
				EB617A7628AE572400B9102D /* GeojsonProperties.swift */,
				EB8421A428AFD8C800BDEC1F /* OneCarParkStruct.swift */,
			);
			path = DataRepresentation;
			sourceTree = "<group>";
		};
		EB5592CF28AD77F000FEF6B9 /* ParkInBordeauxTests */ = {
			isa = PBXGroup;
			children = (
				EB84218D28AF766B00BDEC1F /* Helpers */,
				EB5592D728AD77FE00FEF6B9 /* CarParksCoreServiceTest */,
			);
			path = ParkInBordeauxTests;
			sourceTree = "<group>";
		};
		EB5592D728AD77FE00FEF6B9 /* CarParksCoreServiceTest */ = {
			isa = PBXGroup;
			children = (
				EB5592D928AD781400FEF6B9 /* CarParksCoreServiceTest.swift */,
			);
			path = CarParksCoreServiceTest;
			sourceTree = "<group>";
		};
		EB84218A28AF648200BDEC1F /* Extensions */ = {
			isa = PBXGroup;
			children = (
				EB84218B28AF64B500BDEC1F /* ExtUIViewController.swift */,
				EB84219C28AFB10F00BDEC1F /* ExtString.swift */,
			);
			path = Extensions;
			sourceTree = "<group>";
		};
		EB84218D28AF766B00BDEC1F /* Helpers */ = {
			isa = PBXGroup;
			children = (
				EB84218E28AF767B00BDEC1F /* URLProtocolFake.swift */,
				EB84219028AF76A500BDEC1F /* FakeResponseData.swift */,
				EB84219428AF777800BDEC1F /* correctGeojsonSample.geojson */,
				EB84219628AF7DE400BDEC1F /* incorrectGeojsonSample.geojson */,
				EB84219A28AF8E1400BDEC1F /* NoFeatureGeojsonSample.geojson */,
			);
			path = Helpers;
			sourceTree = "<group>";
		};
/* End PBXGroup section */

/* Begin PBXNativeTarget section */
		EB5592A628AD75DA00FEF6B9 /* ParkInBordeaux */ = {
			isa = PBXNativeTarget;
			buildConfigurationList = EB5592BE28AD75DA00FEF6B9 /* Build configuration list for PBXNativeTarget "ParkInBordeaux" */;
			buildPhases = (
				EB5592A328AD75DA00FEF6B9 /* Sources */,
				EB5592A428AD75DA00FEF6B9 /* Frameworks */,
				EB5592A528AD75DA00FEF6B9 /* Resources */,
			);
			buildRules = (
			);
			dependencies = (
			);
			name = ParkInBordeaux;
			productName = ParkInBordeaux;
			productReference = EB5592A728AD75DA00FEF6B9 /* ParkInBordeaux.app */;
			productType = "com.apple.product-type.application";
		};
		EB5592CD28AD77F000FEF6B9 /* ParkInBordeauxTests */ = {
			isa = PBXNativeTarget;
			buildConfigurationList = EB5592D428AD77F000FEF6B9 /* Build configuration list for PBXNativeTarget "ParkInBordeauxTests" */;
			buildPhases = (
				EB5592CA28AD77F000FEF6B9 /* Sources */,
				EB5592CB28AD77F000FEF6B9 /* Frameworks */,
				EB5592CC28AD77F000FEF6B9 /* Resources */,
			);
			buildRules = (
			);
			dependencies = (
				EB5592D328AD77F000FEF6B9 /* PBXTargetDependency */,
			);
			name = ParkInBordeauxTests;
			productName = ParkInBordeauxTests;
			productReference = EB5592CE28AD77F000FEF6B9 /* ParkInBordeauxTests.xctest */;
			productType = "com.apple.product-type.bundle.unit-test";
		};
/* End PBXNativeTarget section */

/* Begin PBXProject section */
		EB55929F28AD75DA00FEF6B9 /* Project object */ = {
			isa = PBXProject;
			attributes = {
				BuildIndependentTargetsInParallel = 1;
				LastSwiftUpdateCheck = 1340;
				LastUpgradeCheck = 1340;
				TargetAttributes = {
					EB5592A628AD75DA00FEF6B9 = {
						CreatedOnToolsVersion = 13.4.1;
					};
					EB5592CD28AD77F000FEF6B9 = {
						CreatedOnToolsVersion = 13.4.1;
						TestTargetID = EB5592A628AD75DA00FEF6B9;
					};
				};
			};
			buildConfigurationList = EB5592A228AD75DA00FEF6B9 /* Build configuration list for PBXProject "ParkInBordeaux" */;
			compatibilityVersion = "Xcode 13.0";
			developmentRegion = en;
			hasScannedForEncodings = 0;
			knownRegions = (
				en,
				Base,
			);
			mainGroup = EB55929E28AD75DA00FEF6B9;
			productRefGroup = EB5592A828AD75DA00FEF6B9 /* Products */;
			projectDirPath = "";
			projectRoot = "";
			targets = (
				EB5592A628AD75DA00FEF6B9 /* ParkInBordeaux */,
				EB5592CD28AD77F000FEF6B9 /* ParkInBordeauxTests */,
			);
		};
/* End PBXProject section */

/* Begin PBXResourcesBuildPhase section */
		EB5592A528AD75DA00FEF6B9 /* Resources */ = {
			isa = PBXResourcesBuildPhase;
			buildActionMask = 2147483647;
			files = (
				EB5592C728AD76B500FEF6B9 /* .gitignore in Resources */,
				EB5592BA28AD75DA00FEF6B9 /* LaunchScreen.storyboard in Resources */,
				EB5592B728AD75DA00FEF6B9 /* Assets.xcassets in Resources */,
				EB5592B228AD75DA00FEF6B9 /* Main.storyboard in Resources */,
			);
			runOnlyForDeploymentPostprocessing = 0;
		};
		EB5592CC28AD77F000FEF6B9 /* Resources */ = {
			isa = PBXResourcesBuildPhase;
			buildActionMask = 2147483647;
			files = (
				EB84219528AF777800BDEC1F /* correctGeojsonSample.geojson in Resources */,
				EB84219B28AF8E1400BDEC1F /* NoFeatureGeojsonSample.geojson in Resources */,
				EB84219728AF7DE400BDEC1F /* incorrectGeojsonSample.geojson in Resources */,
			);
			runOnlyForDeploymentPostprocessing = 0;
		};
/* End PBXResourcesBuildPhase section */

/* Begin PBXSourcesBuildPhase section */
		EB5592A328AD75DA00FEF6B9 /* Sources */ = {
			isa = PBXSourcesBuildPhase;
			buildActionMask = 2147483647;
			files = (
				EB8421A528AFD8C800BDEC1F /* OneCarParkStruct.swift in Sources */,
				EB617A7928AE584700B9102D /* CarParkMapAnnotation.swift in Sources */,
				EB5592AB28AD75DA00FEF6B9 /* AppDelegate.swift in Sources */,
				EB5592B528AD75DA00FEF6B9 /* ParkInBordeaux.xcdatamodeld in Sources */,
				EB5592AD28AD75DA00FEF6B9 /* SceneDelegate.swift in Sources */,
				EB84218C28AF64B500BDEC1F /* ExtUIViewController.swift in Sources */,
				EB5592C928AD770900FEF6B9 /* CarParksCoreService.swift in Sources */,
				EB617A7B28AE6E9F00B9102D /* CarParksMapViewController.swift in Sources */,
				EB5592E028AD79CF00FEF6B9 /* ApiInfo.swift in Sources */,
				EB5592DC28AD791700FEF6B9 /* ApiEndpoint.swift in Sources */,
				EB442B9428B37B83001B34C8 /* CarParksClusterAnnotationView.swift in Sources */,
				EB617A7728AE572400B9102D /* GeojsonProperties.swift in Sources */,
				EB84219D28AFB10F00BDEC1F /* ExtString.swift in Sources */,
				EB617A7428AE3DF400B9102D /* CarParksServiceError.swift in Sources */,
				EB442B9628B3815F001B34C8 /* CarParkMapAnnotationMaker.swift in Sources */,
			);
			runOnlyForDeploymentPostprocessing = 0;
		};
		EB5592CA28AD77F000FEF6B9 /* Sources */ = {
			isa = PBXSourcesBuildPhase;
			buildActionMask = 2147483647;
			files = (
				EB84218F28AF767B00BDEC1F /* URLProtocolFake.swift in Sources */,
				EB5592DA28AD781400FEF6B9 /* CarParksCoreServiceTest.swift in Sources */,
				EB84219128AF76A500BDEC1F /* FakeResponseData.swift in Sources */,
			);
			runOnlyForDeploymentPostprocessing = 0;
		};
/* End PBXSourcesBuildPhase section */

/* Begin PBXTargetDependency section */
		EB5592D328AD77F000FEF6B9 /* PBXTargetDependency */ = {
			isa = PBXTargetDependency;
			target = EB5592A628AD75DA00FEF6B9 /* ParkInBordeaux */;
			targetProxy = EB5592D228AD77F000FEF6B9 /* PBXContainerItemProxy */;
		};
/* End PBXTargetDependency section */

/* Begin PBXVariantGroup section */
		EB5592B028AD75DA00FEF6B9 /* Main.storyboard */ = {
			isa = PBXVariantGroup;
			children = (
				EB5592B128AD75DA00FEF6B9 /* Base */,
			);
			name = Main.storyboard;
			sourceTree = "<group>";
		};
		EB5592B828AD75DA00FEF6B9 /* LaunchScreen.storyboard */ = {
			isa = PBXVariantGroup;
			children = (
				EB5592B928AD75DA00FEF6B9 /* Base */,
			);
			name = LaunchScreen.storyboard;
			sourceTree = "<group>";
		};
/* End PBXVariantGroup section */

/* Begin XCBuildConfiguration section */
		EB5592BC28AD75DA00FEF6B9 /* Debug */ = {
			isa = XCBuildConfiguration;
			buildSettings = {
				ALWAYS_SEARCH_USER_PATHS = NO;
				CLANG_ANALYZER_NONNULL = YES;
				CLANG_ANALYZER_NUMBER_OBJECT_CONVERSION = YES_AGGRESSIVE;
				CLANG_CXX_LANGUAGE_STANDARD = "gnu++17";
				CLANG_ENABLE_MODULES = YES;
				CLANG_ENABLE_OBJC_ARC = YES;
				CLANG_ENABLE_OBJC_WEAK = YES;
				CLANG_WARN_BLOCK_CAPTURE_AUTORELEASING = YES;
				CLANG_WARN_BOOL_CONVERSION = YES;
				CLANG_WARN_COMMA = YES;
				CLANG_WARN_CONSTANT_CONVERSION = YES;
				CLANG_WARN_DEPRECATED_OBJC_IMPLEMENTATIONS = YES;
				CLANG_WARN_DIRECT_OBJC_ISA_USAGE = YES_ERROR;
				CLANG_WARN_DOCUMENTATION_COMMENTS = YES;
				CLANG_WARN_EMPTY_BODY = YES;
				CLANG_WARN_ENUM_CONVERSION = YES;
				CLANG_WARN_INFINITE_RECURSION = YES;
				CLANG_WARN_INT_CONVERSION = YES;
				CLANG_WARN_NON_LITERAL_NULL_CONVERSION = YES;
				CLANG_WARN_OBJC_IMPLICIT_RETAIN_SELF = YES;
				CLANG_WARN_OBJC_LITERAL_CONVERSION = YES;
				CLANG_WARN_OBJC_ROOT_CLASS = YES_ERROR;
				CLANG_WARN_QUOTED_INCLUDE_IN_FRAMEWORK_HEADER = YES;
				CLANG_WARN_RANGE_LOOP_ANALYSIS = YES;
				CLANG_WARN_STRICT_PROTOTYPES = YES;
				CLANG_WARN_SUSPICIOUS_MOVE = YES;
				CLANG_WARN_UNGUARDED_AVAILABILITY = YES_AGGRESSIVE;
				CLANG_WARN_UNREACHABLE_CODE = YES;
				CLANG_WARN__DUPLICATE_METHOD_MATCH = YES;
				COPY_PHASE_STRIP = NO;
				DEBUG_INFORMATION_FORMAT = dwarf;
				ENABLE_STRICT_OBJC_MSGSEND = YES;
				ENABLE_TESTABILITY = YES;
				GCC_C_LANGUAGE_STANDARD = gnu11;
				GCC_DYNAMIC_NO_PIC = NO;
				GCC_NO_COMMON_BLOCKS = YES;
				GCC_OPTIMIZATION_LEVEL = 0;
				GCC_PREPROCESSOR_DEFINITIONS = (
					"DEBUG=1",
					"$(inherited)",
				);
				GCC_WARN_64_TO_32_BIT_CONVERSION = YES;
				GCC_WARN_ABOUT_RETURN_TYPE = YES_ERROR;
				GCC_WARN_UNDECLARED_SELECTOR = YES;
				GCC_WARN_UNINITIALIZED_AUTOS = YES_AGGRESSIVE;
				GCC_WARN_UNUSED_FUNCTION = YES;
				GCC_WARN_UNUSED_VARIABLE = YES;
				IPHONEOS_DEPLOYMENT_TARGET = 15.5;
				MTL_ENABLE_DEBUG_INFO = INCLUDE_SOURCE;
				MTL_FAST_MATH = YES;
				ONLY_ACTIVE_ARCH = YES;
				SDKROOT = iphoneos;
				SWIFT_ACTIVE_COMPILATION_CONDITIONS = DEBUG;
				SWIFT_OPTIMIZATION_LEVEL = "-Onone";
			};
			name = Debug;
		};
		EB5592BD28AD75DA00FEF6B9 /* Release */ = {
			isa = XCBuildConfiguration;
			buildSettings = {
				ALWAYS_SEARCH_USER_PATHS = NO;
				CLANG_ANALYZER_NONNULL = YES;
				CLANG_ANALYZER_NUMBER_OBJECT_CONVERSION = YES_AGGRESSIVE;
				CLANG_CXX_LANGUAGE_STANDARD = "gnu++17";
				CLANG_ENABLE_MODULES = YES;
				CLANG_ENABLE_OBJC_ARC = YES;
				CLANG_ENABLE_OBJC_WEAK = YES;
				CLANG_WARN_BLOCK_CAPTURE_AUTORELEASING = YES;
				CLANG_WARN_BOOL_CONVERSION = YES;
				CLANG_WARN_COMMA = YES;
				CLANG_WARN_CONSTANT_CONVERSION = YES;
				CLANG_WARN_DEPRECATED_OBJC_IMPLEMENTATIONS = YES;
				CLANG_WARN_DIRECT_OBJC_ISA_USAGE = YES_ERROR;
				CLANG_WARN_DOCUMENTATION_COMMENTS = YES;
				CLANG_WARN_EMPTY_BODY = YES;
				CLANG_WARN_ENUM_CONVERSION = YES;
				CLANG_WARN_INFINITE_RECURSION = YES;
				CLANG_WARN_INT_CONVERSION = YES;
				CLANG_WARN_NON_LITERAL_NULL_CONVERSION = YES;
				CLANG_WARN_OBJC_IMPLICIT_RETAIN_SELF = YES;
				CLANG_WARN_OBJC_LITERAL_CONVERSION = YES;
				CLANG_WARN_OBJC_ROOT_CLASS = YES_ERROR;
				CLANG_WARN_QUOTED_INCLUDE_IN_FRAMEWORK_HEADER = YES;
				CLANG_WARN_RANGE_LOOP_ANALYSIS = YES;
				CLANG_WARN_STRICT_PROTOTYPES = YES;
				CLANG_WARN_SUSPICIOUS_MOVE = YES;
				CLANG_WARN_UNGUARDED_AVAILABILITY = YES_AGGRESSIVE;
				CLANG_WARN_UNREACHABLE_CODE = YES;
				CLANG_WARN__DUPLICATE_METHOD_MATCH = YES;
				COPY_PHASE_STRIP = NO;
				DEBUG_INFORMATION_FORMAT = "dwarf-with-dsym";
				ENABLE_NS_ASSERTIONS = NO;
				ENABLE_STRICT_OBJC_MSGSEND = YES;
				GCC_C_LANGUAGE_STANDARD = gnu11;
				GCC_NO_COMMON_BLOCKS = YES;
				GCC_WARN_64_TO_32_BIT_CONVERSION = YES;
				GCC_WARN_ABOUT_RETURN_TYPE = YES_ERROR;
				GCC_WARN_UNDECLARED_SELECTOR = YES;
				GCC_WARN_UNINITIALIZED_AUTOS = YES_AGGRESSIVE;
				GCC_WARN_UNUSED_FUNCTION = YES;
				GCC_WARN_UNUSED_VARIABLE = YES;
				IPHONEOS_DEPLOYMENT_TARGET = 15.5;
				MTL_ENABLE_DEBUG_INFO = NO;
				MTL_FAST_MATH = YES;
				SDKROOT = iphoneos;
				SWIFT_COMPILATION_MODE = wholemodule;
				SWIFT_OPTIMIZATION_LEVEL = "-O";
				VALIDATE_PRODUCT = YES;
			};
			name = Release;
		};
		EB5592BF28AD75DA00FEF6B9 /* Debug */ = {
			isa = XCBuildConfiguration;
			buildSettings = {
				ASSETCATALOG_COMPILER_APPICON_NAME = AppIcon;
				ASSETCATALOG_COMPILER_GLOBAL_ACCENT_COLOR_NAME = AccentColor;
				CODE_SIGN_STYLE = Automatic;
				CURRENT_PROJECT_VERSION = 1;
				DEVELOPMENT_TEAM = CES656DH72;
				GENERATE_INFOPLIST_FILE = YES;
				INFOPLIST_FILE = ParkInBordeaux/SupportingFiles/Info.plist;
				INFOPLIST_KEY_UIApplicationSupportsIndirectInputEvents = YES;
				INFOPLIST_KEY_UILaunchStoryboardName = LaunchScreen;
				INFOPLIST_KEY_UIMainStoryboardFile = Main;
				INFOPLIST_KEY_UISupportedInterfaceOrientations_iPad = "UIInterfaceOrientationPortrait UIInterfaceOrientationPortraitUpsideDown UIInterfaceOrientationLandscapeLeft UIInterfaceOrientationLandscapeRight";
				INFOPLIST_KEY_UISupportedInterfaceOrientations_iPhone = "UIInterfaceOrientationPortrait UIInterfaceOrientationLandscapeLeft UIInterfaceOrientationLandscapeRight";
				LD_RUNPATH_SEARCH_PATHS = (
					"$(inherited)",
					"@executable_path/Frameworks",
				);
				MARKETING_VERSION = 1.0;
				PRODUCT_BUNDLE_IDENTIFIER = clementgarcia8.ParkInBordeaux;
				PRODUCT_NAME = "$(TARGET_NAME)";
				SWIFT_EMIT_LOC_STRINGS = YES;
				SWIFT_VERSION = 5.0;
				TARGETED_DEVICE_FAMILY = "1,2";
			};
			name = Debug;
		};
		EB5592C028AD75DA00FEF6B9 /* Release */ = {
			isa = XCBuildConfiguration;
			buildSettings = {
				ASSETCATALOG_COMPILER_APPICON_NAME = AppIcon;
				ASSETCATALOG_COMPILER_GLOBAL_ACCENT_COLOR_NAME = AccentColor;
				CODE_SIGN_STYLE = Automatic;
				CURRENT_PROJECT_VERSION = 1;
				DEVELOPMENT_TEAM = CES656DH72;
				GENERATE_INFOPLIST_FILE = YES;
				INFOPLIST_FILE = ParkInBordeaux/SupportingFiles/Info.plist;
				INFOPLIST_KEY_UIApplicationSupportsIndirectInputEvents = YES;
				INFOPLIST_KEY_UILaunchStoryboardName = LaunchScreen;
				INFOPLIST_KEY_UIMainStoryboardFile = Main;
				INFOPLIST_KEY_UISupportedInterfaceOrientations_iPad = "UIInterfaceOrientationPortrait UIInterfaceOrientationPortraitUpsideDown UIInterfaceOrientationLandscapeLeft UIInterfaceOrientationLandscapeRight";
				INFOPLIST_KEY_UISupportedInterfaceOrientations_iPhone = "UIInterfaceOrientationPortrait UIInterfaceOrientationLandscapeLeft UIInterfaceOrientationLandscapeRight";
				LD_RUNPATH_SEARCH_PATHS = (
					"$(inherited)",
					"@executable_path/Frameworks",
				);
				MARKETING_VERSION = 1.0;
				PRODUCT_BUNDLE_IDENTIFIER = clementgarcia8.ParkInBordeaux;
				PRODUCT_NAME = "$(TARGET_NAME)";
				SWIFT_EMIT_LOC_STRINGS = YES;
				SWIFT_VERSION = 5.0;
				TARGETED_DEVICE_FAMILY = "1,2";
			};
			name = Release;
		};
		EB5592D528AD77F000FEF6B9 /* Debug */ = {
			isa = XCBuildConfiguration;
			buildSettings = {
				BUNDLE_LOADER = "$(TEST_HOST)";
				CODE_SIGN_STYLE = Automatic;
				CURRENT_PROJECT_VERSION = 1;
				DEVELOPMENT_TEAM = CES656DH72;
				GENERATE_INFOPLIST_FILE = YES;
				INFOPLIST_FILE = "";
				MARKETING_VERSION = 1.0;
				PRODUCT_BUNDLE_IDENTIFIER = clementgarcia8.ParkInBordeauxTests;
				PRODUCT_NAME = "$(TARGET_NAME)";
				SWIFT_EMIT_LOC_STRINGS = NO;
				SWIFT_VERSION = 5.0;
				TARGETED_DEVICE_FAMILY = "1,2";
				TEST_HOST = "$(BUILT_PRODUCTS_DIR)/ParkInBordeaux.app/ParkInBordeaux";
			};
			name = Debug;
		};
		EB5592D628AD77F000FEF6B9 /* Release */ = {
			isa = XCBuildConfiguration;
			buildSettings = {
				BUNDLE_LOADER = "$(TEST_HOST)";
				CODE_SIGN_STYLE = Automatic;
				CURRENT_PROJECT_VERSION = 1;
				DEVELOPMENT_TEAM = CES656DH72;
				GENERATE_INFOPLIST_FILE = YES;
				INFOPLIST_FILE = "";
				MARKETING_VERSION = 1.0;
				PRODUCT_BUNDLE_IDENTIFIER = clementgarcia8.ParkInBordeauxTests;
				PRODUCT_NAME = "$(TARGET_NAME)";
				SWIFT_EMIT_LOC_STRINGS = NO;
				SWIFT_VERSION = 5.0;
				TARGETED_DEVICE_FAMILY = "1,2";
				TEST_HOST = "$(BUILT_PRODUCTS_DIR)/ParkInBordeaux.app/ParkInBordeaux";
			};
			name = Release;
		};
/* End XCBuildConfiguration section */

/* Begin XCConfigurationList section */
		EB5592A228AD75DA00FEF6B9 /* Build configuration list for PBXProject "ParkInBordeaux" */ = {
			isa = XCConfigurationList;
			buildConfigurations = (
				EB5592BC28AD75DA00FEF6B9 /* Debug */,
				EB5592BD28AD75DA00FEF6B9 /* Release */,
			);
			defaultConfigurationIsVisible = 0;
			defaultConfigurationName = Release;
		};
		EB5592BE28AD75DA00FEF6B9 /* Build configuration list for PBXNativeTarget "ParkInBordeaux" */ = {
			isa = XCConfigurationList;
			buildConfigurations = (
				EB5592BF28AD75DA00FEF6B9 /* Debug */,
				EB5592C028AD75DA00FEF6B9 /* Release */,
			);
			defaultConfigurationIsVisible = 0;
			defaultConfigurationName = Release;
		};
		EB5592D428AD77F000FEF6B9 /* Build configuration list for PBXNativeTarget "ParkInBordeauxTests" */ = {
			isa = XCConfigurationList;
			buildConfigurations = (
				EB5592D528AD77F000FEF6B9 /* Debug */,
				EB5592D628AD77F000FEF6B9 /* Release */,
			);
			defaultConfigurationIsVisible = 0;
			defaultConfigurationName = Release;
		};
/* End XCConfigurationList section */

/* Begin XCVersionGroup section */
		EB5592B328AD75DA00FEF6B9 /* ParkInBordeaux.xcdatamodeld */ = {
			isa = XCVersionGroup;
			children = (
				EB5592B428AD75DA00FEF6B9 /* ParkInBordeaux.xcdatamodel */,
			);
			currentVersion = EB5592B428AD75DA00FEF6B9 /* ParkInBordeaux.xcdatamodel */;
			path = ParkInBordeaux.xcdatamodeld;
			sourceTree = "<group>";
			versionGroupType = wrapper.xcdatamodel;
		};
/* End XCVersionGroup section */
	};
	rootObject = EB55929F28AD75DA00FEF6B9 /* Project object */;
}
